// !$*UTF8*$!
{
	archiveVersion = 1;
	classes = {
	};
	objectVersion = 46;
	objects = {

/* Begin PBXBuildFile section */
		8A8AC5F31C3478F200F7209B /* AppDelegate.swift in Sources */ = {isa = PBXBuildFile; fileRef = 8A8AC5F21C3478F200F7209B /* AppDelegate.swift */; };
		8A8AC5F51C3478F200F7209B /* ViewController.swift in Sources */ = {isa = PBXBuildFile; fileRef = 8A8AC5F41C3478F200F7209B /* ViewController.swift */; };
		8A8AC5F81C3478F200F7209B /* Main.storyboard in Resources */ = {isa = PBXBuildFile; fileRef = 8A8AC5F61C3478F200F7209B /* Main.storyboard */; };
		8A8AC5FA1C3478F200F7209B /* Assets.xcassets in Resources */ = {isa = PBXBuildFile; fileRef = 8A8AC5F91C3478F200F7209B /* Assets.xcassets */; };
		8A8AC5FD1C3478F200F7209B /* LaunchScreen.storyboard in Resources */ = {isa = PBXBuildFile; fileRef = 8A8AC5FB1C3478F200F7209B /* LaunchScreen.storyboard */; };
		8A8AC6051C34791000F7209B /* Datos.swift in Sources */ = {isa = PBXBuildFile; fileRef = 8A8AC6041C34791000F7209B /* Datos.swift */; };
/* End PBXBuildFile section */

/* Begin PBXFileReference section */
		8A8AC5EF1C3478F200F7209B /* Hamburguesas.app */ = {isa = PBXFileReference; explicitFileType = wrapper.application; includeInIndex = 0; path = Hamburguesas.app; sourceTree = BUILT_PRODUCTS_DIR; };
		8A8AC5F21C3478F200F7209B /* AppDelegate.swift */ = {isa = PBXFileReference; lastKnownFileType = sourcecode.swift; path = AppDelegate.swift; sourceTree = "<group>"; };
		8A8AC5F41C3478F200F7209B /* ViewController.swift */ = {isa = PBXFileReference; lastKnownFileType = sourcecode.swift; path = ViewController.swift; sourceTree = "<group>"; };
		8A8AC5F71C3478F200F7209B /* Base */ = {isa = PBXFileReference; lastKnownFileType = file.storyboard; name = Base; path = Base.lproj/Main.storyboard; sourceTree = "<group>"; };
		8A8AC5F91C3478F200F7209B /* Assets.xcassets */ = {isa = PBXFileReference; lastKnownFileType = folder.assetcatalog; path = Assets.xcassets; sourceTree = "<group>"; };
		8A8AC5FC1C3478F200F7209B /* Base */ = {isa = PBXFileReference; lastKnownFileType = file.storyboard; name = Base; path = Base.lproj/LaunchScreen.storyboard; sourceTree = "<group>"; };
		8A8AC5FE1C3478F200F7209B /* Info.plist */ = {isa = PBXFileReference; lastKnownFileType = text.plist.xml; path = Info.plist; sourceTree = "<group>"; };
		8A8AC6041C34791000F7209B /* Datos.swift */ = {isa = PBXFileReference; fileEncoding = 4; lastKnownFileType = sourcecode.swift; path = Datos.swift; sourceTree = "<group>"; };
/* End PBXFileReference section */

/* Begin PBXFrameworksBuildPhase section */
		8A8AC5EC1C3478F200F7209B /* Frameworks */ = {
			isa = PBXFrameworksBuildPhase;
			buildActionMask = 2147483647;
			files = (
			);
			runOnlyForDeploymentPostprocessing = 0;
		};
/* End PBXFrameworksBuildPhase section */

/* Begin PBXGroup section */
		8A8AC5E61C3478F200F7209B = {
			isa = PBXGroup;
			children = (
				8A8AC5F11C3478F200F7209B /* Hamburguesas */,
				8A8AC5F01C3478F200F7209B /* Products */,
			);
			sourceTree = "<group>";
		};
		8A8AC5F01C3478F200F7209B /* Products */ = {
			isa = PBXGroup;
			children = (
				8A8AC5EF1C3478F200F7209B /* Hamburguesas.app */,
			);
			name = Products;
			sourceTree = "<group>";
		};
		8A8AC5F11C3478F200F7209B /* Hamburguesas */ = {
			isa = PBXGroup;
			children = (
				8A8AC5F21C3478F200F7209B /* AppDelegate.swift */,
				8A8AC5F41C3478F200F7209B /* ViewController.swift */,
				8A8AC5F61C3478F200F7209B /* Main.storyboard */,
				8A8AC5F91C3478F200F7209B /* Assets.xcassets */,
				8A8AC5FB1C3478F200F7209B /* LaunchScreen.storyboard */,
				8A8AC5FE1C3478F200F7209B /* Info.plist */,
				8A8AC6041C34791000F7209B /* Datos.swift */,
			);
			path = Hamburguesas;
			sourceTree = "<group>";
		};
/* End PBXGroup section */

/* Begin PBXNativeTarget section */
		8A8AC5EE1C3478F200F7209B /* Hamburguesas */ = {
			isa = PBXNativeTarget;
			buildConfigurationList = 8A8AC6011C3478F200F7209B /* Build configuration list for PBXNativeTarget "Hamburguesas" */;
			buildPhases = (
				8A8AC5EB1C3478F200F7209B /* Sources */,
				8A8AC5EC1C3478F200F7209B /* Frameworks */,
				8A8AC5ED1C3478F200F7209B /* Resources */,
			);
			buildRules = (
			);
			dependencies = (
			);
			name = Hamburguesas;
			productName = Hamburguesas;
			productReference = 8A8AC5EF1C3478F200F7209B /* Hamburguesas.app */;
			productType = "com.apple.product-type.application";
		};
/* End PBXNativeTarget section */

/* Begin PBXProject section */
		8A8AC5E71C3478F200F7209B /* Project object */ = {
			isa = PBXProject;
			attributes = {
				LastSwiftUpdateCheck = 0720;
				LastUpgradeCheck = 0720;
				ORGANIZATIONNAME = ITESM;
				TargetAttributes = {
					8A8AC5EE1C3478F200F7209B = {
						CreatedOnToolsVersion = 7.2;
					};
				};
			};
			buildConfigurationList = 8A8AC5EA1C3478F200F7209B /* Build configuration list for PBXProject "Hamburguesas" */;
			compatibilityVersion = "Xcode 3.2";
			developmentRegion = English;
			hasScannedForEncodings = 0;
			knownRegions = (
				en,
				Base,
			);
			mainGroup = 8A8AC5E61C3478F200F7209B;
			productRefGroup = 8A8AC5F01C3478F200F7209B /* Products */;
			projectDirPath = "";
			projectRoot = "";
			targets = (
				8A8AC5EE1C3478F200F7209B /* Hamburguesas */,
			);
		};
/* End PBXProject section */

/* Begin PBXResourcesBuildPhase section */
		8A8AC5ED1C3478F200F7209B /* Resources */ = {
			isa = PBXResourcesBuildPhase;
			buildActionMask = 2147483647;
			files = (
				8A8AC5FD1C3478F200F7209B /* LaunchScreen.storyboard in Resources */,
				8A8AC5FA1C3478F200F7209B /* Assets.xcassets in Resources */,
				8A8AC5F81C3478F200F7209B /* Main.storyboard in Resources */,
			);
			runOnlyForDeploymentPostprocessing = 0;
		};
/* End PBXResourcesBuildPhase section */

/* Begin PBXSourcesBuildPhase section */
		8A8AC5EB1C3478F200F7209B /* Sources */ = {
			isa = PBXSourcesBuildPhase;
			buildActionMask = 2147483647;
			files = (
				8A8AC5F51C3478F200F7209B /* ViewController.swift in Sources */,
				8A8AC5F31C3478F200F7209B /* AppDelegate.swift in Sources */,
				8A8AC6051C34791000F7209B /* Datos.swift in Sources */,
			);
			runOnlyForDeploymentPostprocessing = 0;
		};
/* End PBXSourcesBuildPhase section */

/* Begin PBXVariantGroup section */
		8A8AC5F61C3478F200F7209B /* Main.storyboard */ = {
			isa = PBXVariantGroup;
			children = (
				8A8AC5F71C3478F200F7209B /* Base */,
			);
			name = Main.storyboard;
			sourceTree = "<group>";
		};
		8A8AC5FB1C3478F200F7209B /* LaunchScreen.storyboard */ = {
			isa = PBXVariantGroup;
			children = (
				8A8AC5FC1C3478F200F7209B /* Base */,
			);
			name = LaunchScreen.storyboard;
			sourceTree = "<group>";
		};
/* End PBXVariantGroup section */

/* Begin XCBuildConfiguration section */
		8A8AC5FF1C3478F200F7209B /* Debug */ = {
			isa = XCBuildConfiguration;
			buildSettings = {
				ALWAYS_SEARCH_USER_PATHS = NO;
				CLANG_CXX_LANGUAGE_STANDARD = "gnu++0x";
				CLANG_CXX_LIBRARY = "libc++";
				CLANG_ENABLE_MODULES = YES;
				CLANG_ENABLE_OBJC_ARC = YES;
				CLANG_WARN_BOOL_CONVERSION = YES;
				CLANG_WARN_CONSTANT_CONVERSION = YES;
				CLANG_WARN_DIRECT_OBJC_ISA_USAGE = YES_ERROR;
				CLANG_WARN_EMPTY_BODY = YES;
				CLANG_WARN_ENUM_CONVERSION = YES;
				CLANG_WARN_INT_CONVERSION = YES;
				CLANG_WARN_OBJC_ROOT_CLASS = YES_ERROR;
				CLANG_WARN_UNREACHABLE_CODE = YES;
				CLANG_WARN__DUPLICATE_METHOD_MATCH = YES;
				"CODE_SIGN_IDENTITY[sdk=iphoneos*]" = "iPhone Developer";
				COPY_PHASE_STRIP = NO;
				DEBUG_INFORMATION_FORMAT = dwarf;
				ENABLE_STRICT_OBJC_MSGSEND = YES;
				ENABLE_TESTABILITY = YES;
				GCC_C_LANGUAGE_STANDARD = gnu99;
				GCC_DYNAMIC_NO_PIC = NO;
				GCC_NO_COMMON_BLOCKS = YES;
				GCC_OPTIMIZATION_LEVEL = 0;
				GCC_PREPROCESSOR_DEFINITIONS = (
					"DEBUG=1",
					"$(inherited)",
				);
				GCC_WARN_64_TO_32_BIT_CONVERSION = YES;
				GCC_WARN_ABOUT_RETURN_TYPE = YES_ERROR;
				GCC_WARN_UNDECLARED_SELECTOR = YES;
				GCC_WARN_UNINITIALIZED_AUTOS = YES_AGGRESSIVE;
				GCC_WARN_UNUSED_FUNCTION = YES;
				GCC_WARN_UNUSED_VARIABLE = YES;
				IPHONEOS_DEPLOYMENT_TARGET = 9.2;
				MTL_ENABLE_DEBUG_INFO = YES;
				ONLY_ACTIVE_ARCH = YES;
				SDKROOT = iphoneos;
				SWIFT_OPTIMIZATION_LEVEL = "-Onone";
			};
			name = Debug;
		};
		8A8AC6001C3478F200F7209B /* Release */ = {
			isa = XCBuildConfiguration;
			buildSettings = {
				ALWAYS_SEARCH_USER_PATHS = NO;
				CLANG_CXX_LANGUAGE_STANDARD = "gnu++0x";
				CLANG_CXX_LIBRARY = "libc++";
				CLANG_ENABLE_MODULES = YES;
				CLANG_ENABLE_OBJC_ARC = YES;
				CLANG_WARN_BOOL_CONVERSION = YES;
				CLANG_WARN_CONSTANT_CONVERSION = YES;
				CLANG_WARN_DIRECT_OBJC_ISA_USAGE = YES_ERROR;
				CLANG_WARN_EMPTY_BODY = YES;
				CLANG_WARN_ENUM_CONVERSION = YES;
				CLANG_WARN_INT_CONVERSION = YES;
				CLANG_WARN_OBJC_ROOT_CLASS = YES_ERROR;
				CLANG_WARN_UNREACHABLE_CODE = YES;
				CLANG_WARN__DUPLICATE_METHOD_MATCH = YES;
				"CODE_SIGN_IDENTITY[sdk=iphoneos*]" = "iPhone Developer";
				COPY_PHASE_STRIP = NO;
				DEBUG_INFORMATION_FORMAT = "dwarf-with-dsym";
				ENABLE_NS_ASSERTIONS = NO;
				ENABLE_STRICT_OBJC_MSGSEND = YES;
				GCC_C_LANGUAGE_STANDARD = gnu99;
				GCC_NO_COMMON_BLOCKS = YES;
				GCC_WARN_64_TO_32_BIT_CONVERSION = YES;
				GCC_WARN_ABOUT_RETURN_TYPE = YES_ERROR;
				GCC_WARN_UNDECLARED_SELECTOR = YES;
				GCC_WARN_UNINITIALIZED_AUTOS = YES_AGGRESSIVE;
				GCC_WARN_UNUSED_FUNCTION = YES;
				GCC_WARN_UNUSED_VARIABLE = YES;
				IPHONEOS_DEPLOYMENT_TARGET = 9.2;
				MTL_ENABLE_DEBUG_INFO = NO;
				SDKROOT = iphoneos;
				VALIDATE_PRODUCT = YES;
			};
			name = Release;
		};
		8A8AC6021C3478F200F7209B /* Debug */ = {
			isa = XCBuildConfiguration;
			buildSettings = {
				ASSETCATALOG_COMPILER_APPICON_NAME = AppIcon;
				INFOPLIST_FILE = Hamburguesas/Info.plist;
				LD_RUNPATH_SEARCH_PATHS = "$(inherited) @executable_path/Frameworks";
				PRODUCT_BUNDLE_IDENTIFIER = mx.tesm.Hamburguesas;
				PRODUCT_NAME = "$(TARGET_NAME)";
			};
			name = Debug;
		};
		8A8AC6031C3478F200F7209B /* Release */ = {
			isa = XCBuildConfiguration;
			buildSettings = {
				ASSETCATALOG_COMPILER_APPICON_NAME = AppIcon;
				INFOPLIST_FILE = Hamburguesas/Info.plist;
				LD_RUNPATH_SEARCH_PATHS = "$(inherited) @executable_path/Frameworks";
				PRODUCT_BUNDLE_IDENTIFIER = mx.tesm.Hamburguesas;
				PRODUCT_NAME = "$(TARGET_NAME)";
			};
			name = Release;
		};
/* End XCBuildConfiguration section */

/* Begin XCConfigurationList section */
		8A8AC5EA1C3478F200F7209B /* Build configuration list for PBXProject "Hamburguesas" */ = {
			isa = XCConfigurationList;
			buildConfigurations = (
				8A8AC5FF1C3478F200F7209B /* Debug */,
				8A8AC6001C3478F200F7209B /* Release */,
			);
			defaultConfigurationIsVisible = 0;
			defaultConfigurationName = Release;
		};
		8A8AC6011C3478F200F7209B /* Build configuration list for PBXNativeTarget "Hamburguesas" */ = {
			isa = XCConfigurationList;
			buildConfigurations = (
				8A8AC6021C3478F200F7209B /* Debug */,
				8A8AC6031C3478F200F7209B /* Release */,
			);
			defaultConfigurationIsVisible = 0;
		};
/* End XCConfigurationList section */
	};
	rootObject = 8A8AC5E71C3478F200F7209B /* Project object */;
}
